{
  "name": "gambit-core",
  "version": "1.0.0-dev",
  "lockfileVersion": 3,
  "requires": true,
  "packages": {
    "": {
      "name": "gambit-core",
      "version": "1.0.0-dev",
      "license": "Unlicense",
      "devDependencies": {
        "@altv/types-client": "^16.2.7",
        "@altv/types-natives": "^16.2.1",
        "@altv/types-server": "^16.2.5",
        "@altv/types-shared": "^16.2.4",
        "@altv/types-webview": "^16.2.1",
        "typescript": "^5.6.3"
      }
    },
    "node_modules/@altv/types-client": {
      "version": "16.2.7",
      "resolved": "https://registry.npmjs.org/@altv/types-client/-/types-client-16.2.7.tgz",
      "integrity": "sha512-L1C1Wpikuy3Y6tZBHg+WvAnKqYTvBiNWJImoiLbjlmFhvfzsUw4LEM8JUa+eJSRYhkpvGVaUu65czak68HFu4Q==",
      "dev": true,
      "license": "MIT",
      "peerDependencies": {
        "@altv/types-shared": "^16.2.0",
        "@altv/types-worker": "^16.2.0"
      }
    },
    "node_modules/@altv/types-natives": {
      "version": "16.2.1",
      "resolved": "https://registry.npmjs.org/@altv/types-natives/-/types-natives-16.2.1.tgz",
      "integrity": "sha512-V3VrJrB7HP+rG/SDPZHaR1enASGuWqXtcDQixa+CxwFeFH7GxeqH0qhdD1F8SH3NsiKg5CGvVsUulHEO5KkzBA==",
      "dev": true,
      "license": "MIT",
      "peerDependencies": {
        "@altv/types-client": "^16.2.0"
      }
    },
    "node_modules/@altv/types-server": {
      "version": "16.2.5",
      "resolved": "https://registry.npmjs.org/@altv/types-server/-/types-server-16.2.5.tgz",
      "integrity": "sha512-MHT5sqmj12SnKHaYIuYcIG4gLzlUCppvuSKwukgeR828TDnny7ewuAklFaTS9MuM5bjj8PTiRZQLfOUFfrS77A==",
      "dev": true,
      "license": "MIT",
      "peerDependencies": {
        "@altv/types-shared": "^16.2.0"
      }
    },
    "node_modules/@altv/types-shared": {
      "version": "16.2.4",
      "resolved": "https://registry.npmjs.org/@altv/types-shared/-/types-shared-16.2.4.tgz",
      "integrity": "sha512-d0+VyrBcWkkV6ScfS/QOEbjPTr43WSdKzURmNQAeuGJRlDzFKEAaHUrsIsTylX2KDTfAUp501BtEgAiBH7Ty0Q==",
      "dev": true,
      "license": "MIT"
    },
    "node_modules/@altv/types-webview": {
      "version": "16.2.1",
      "resolved": "https://registry.npmjs.org/@altv/types-webview/-/types-webview-16.2.1.tgz",
      "integrity": "sha512-JEk1+XR1ya+mYkKoF3/tLYfaHUKkL6A8gtckuuGuf4IPrKO80UVGYI+2LxvqMBKcF6aDGI3MOoD9DYV0DznWSQ==",
      "dev": true,
      "license": "MIT"
    },
    "node_modules/@altv/types-worker": {
      "version": "16.2.0",
      "resolved": "https://registry.npmjs.org/@altv/types-worker/-/types-worker-16.2.0.tgz",
      "integrity": "sha512-l2cy7xFn4QE+XCHJyu1dJB8cziwAfi4x4S8JbpymRAAnXkMHvrZixjpyeUzNRnQGn4dNhQz6QLyUYx+LEXDtyA==",
      "dev": true,
      "license": "MIT",
      "peer": true,
      "peerDependencies": {
        "@altv/types-client": "^16.2.0"
      }
    },
    "node_modules/typescript": {
      "version": "5.6.3",
      "resolved": "https://registry.npmjs.org/typescript/-/typescript-5.6.3.tgz",
      "integrity": "sha512-hjcS1mhfuyi4WW8IWtjP7brDrG2cuDZukyrYrSauoXGNgx0S7zceP07adYkJycEr56BOUTNPzbInooiN3fn1qw==",
      "dev": true,
      "license": "Apache-2.0",
      "bin": {
        "tsc": "bin/tsc",
        "tsserver": "bin/tsserver"
      },
      "engines": {
        "node": ">=14.17"
      }
    }
  }
}
